// !$*UTF8*$!
{
	archiveVersion = 1;
	classes = {
	};
	objectVersion = 51;
	objects = {

/* Begin PBXBuildFile section */
		F35370892569CD5B00438087 /* Constants.swift in Sources */ = {isa = PBXBuildFile; fileRef = F35370882569CD5B00438087 /* Constants.swift */; };
		F353708C2569CF1D00438087 /* TrendingModel.swift in Sources */ = {isa = PBXBuildFile; fileRef = F353708B2569CF1D00438087 /* TrendingModel.swift */; };
		F35370912569CF5600438087 /* NetwrokManager.swift in Sources */ = {isa = PBXBuildFile; fileRef = F35370902569CF5600438087 /* NetwrokManager.swift */; };
		F35CFF0F256DD52F0073E7C6 /* RoundedRectButton.swift in Sources */ = {isa = PBXBuildFile; fileRef = F35CFF0E256DD52F0073E7C6 /* RoundedRectButton.swift */; };
		F35CFF13256DD5690073E7C6 /* CustomView.swift in Sources */ = {isa = PBXBuildFile; fileRef = F35CFF12256DD5690073E7C6 /* CustomView.swift */; };
		F36002C9256C717E0068C77C /* TrendingGiphyTableViewCell.swift in Sources */ = {isa = PBXBuildFile; fileRef = F36002C8256C717E0068C77C /* TrendingGiphyTableViewCell.swift */; };
		F36002CD256C7CDB0068C77C /* TrendingViewModel.swift in Sources */ = {isa = PBXBuildFile; fileRef = F36002CC256C7CDB0068C77C /* TrendingViewModel.swift */; };
		F36002E5256C97020068C77C /* RealmModel.swift in Sources */ = {isa = PBXBuildFile; fileRef = F36002E4256C97020068C77C /* RealmModel.swift */; };
		F36002EE256CD5320068C77C /* FavouritesCollectionViewController.swift in Sources */ = {isa = PBXBuildFile; fileRef = F36002ED256CD5320068C77C /* FavouritesCollectionViewController.swift */; };
		F36002F1256CD7640068C77C /* FavouritViewModel.swift in Sources */ = {isa = PBXBuildFile; fileRef = F36002F0256CD7630068C77C /* FavouritViewModel.swift */; };
		F36002F5256CDB260068C77C /* FavouritesCollectionViewCell.swift in Sources */ = {isa = PBXBuildFile; fileRef = F36002F4256CDB260068C77C /* FavouritesCollectionViewCell.swift */; };
		F371ED672569AA86000229F0 /* AppDelegate.swift in Sources */ = {isa = PBXBuildFile; fileRef = F371ED662569AA86000229F0 /* AppDelegate.swift */; };
		F371ED692569AA86000229F0 /* SceneDelegate.swift in Sources */ = {isa = PBXBuildFile; fileRef = F371ED682569AA86000229F0 /* SceneDelegate.swift */; };
		F371ED6B2569AA86000229F0 /* ViewController.swift in Sources */ = {isa = PBXBuildFile; fileRef = F371ED6A2569AA86000229F0 /* ViewController.swift */; };
		F371ED6E2569AA86000229F0 /* Main.storyboard in Resources */ = {isa = PBXBuildFile; fileRef = F371ED6C2569AA86000229F0 /* Main.storyboard */; };
		F371ED702569AA88000229F0 /* Assets.xcassets in Resources */ = {isa = PBXBuildFile; fileRef = F371ED6F2569AA88000229F0 /* Assets.xcassets */; };
		F371ED732569AA88000229F0 /* LaunchScreen.storyboard in Resources */ = {isa = PBXBuildFile; fileRef = F371ED712569AA88000229F0 /* LaunchScreen.storyboard */; };
		FD63EB300346E9957D862D31 /* Pods_Giphy.framework in Frameworks */ = {isa = PBXBuildFile; fileRef = 9A698B01E561FA2DC2E9C1F1 /* Pods_Giphy.framework */; };
/* End PBXBuildFile section */

/* Begin PBXFileReference section */
		35B46B5E392426CBD030D624 /* Pods-Giphy.release.xcconfig */ = {isa = PBXFileReference; includeInIndex = 1; lastKnownFileType = text.xcconfig; name = "Pods-Giphy.release.xcconfig"; path = "Target Support Files/Pods-Giphy/Pods-Giphy.release.xcconfig"; sourceTree = "<group>"; };
		912BCD32079CBD9D0BF681DD /* Pods-Giphy.debug.xcconfig */ = {isa = PBXFileReference; includeInIndex = 1; lastKnownFileType = text.xcconfig; name = "Pods-Giphy.debug.xcconfig"; path = "Target Support Files/Pods-Giphy/Pods-Giphy.debug.xcconfig"; sourceTree = "<group>"; };
		9A698B01E561FA2DC2E9C1F1 /* Pods_Giphy.framework */ = {isa = PBXFileReference; explicitFileType = wrapper.framework; includeInIndex = 0; path = Pods_Giphy.framework; sourceTree = BUILT_PRODUCTS_DIR; };
		F35370882569CD5B00438087 /* Constants.swift */ = {isa = PBXFileReference; lastKnownFileType = sourcecode.swift; path = Constants.swift; sourceTree = "<group>"; };
		F353708B2569CF1D00438087 /* TrendingModel.swift */ = {isa = PBXFileReference; lastKnownFileType = sourcecode.swift; path = TrendingModel.swift; sourceTree = "<group>"; };
		F35370902569CF5600438087 /* NetwrokManager.swift */ = {isa = PBXFileReference; lastKnownFileType = sourcecode.swift; path = NetwrokManager.swift; sourceTree = "<group>"; };
		F35CFF0E256DD52F0073E7C6 /* RoundedRectButton.swift */ = {isa = PBXFileReference; lastKnownFileType = sourcecode.swift; path = RoundedRectButton.swift; sourceTree = "<group>"; };
		F35CFF12256DD5690073E7C6 /* CustomView.swift */ = {isa = PBXFileReference; lastKnownFileType = sourcecode.swift; path = CustomView.swift; sourceTree = "<group>"; };
		F36002C8256C717E0068C77C /* TrendingGiphyTableViewCell.swift */ = {isa = PBXFileReference; lastKnownFileType = sourcecode.swift; path = TrendingGiphyTableViewCell.swift; sourceTree = "<group>"; };
		F36002CC256C7CDB0068C77C /* TrendingViewModel.swift */ = {isa = PBXFileReference; fileEncoding = 4; lastKnownFileType = sourcecode.swift; path = TrendingViewModel.swift; sourceTree = "<group>"; };
		F36002E4256C97020068C77C /* RealmModel.swift */ = {isa = PBXFileReference; lastKnownFileType = sourcecode.swift; path = RealmModel.swift; sourceTree = "<group>"; };
		F36002ED256CD5320068C77C /* FavouritesCollectionViewController.swift */ = {isa = PBXFileReference; lastKnownFileType = sourcecode.swift; path = FavouritesCollectionViewController.swift; sourceTree = "<group>"; };
		F36002F0256CD7630068C77C /* FavouritViewModel.swift */ = {isa = PBXFileReference; fileEncoding = 4; lastKnownFileType = sourcecode.swift; path = FavouritViewModel.swift; sourceTree = "<group>"; };
		F36002F4256CDB260068C77C /* FavouritesCollectionViewCell.swift */ = {isa = PBXFileReference; lastKnownFileType = sourcecode.swift; path = FavouritesCollectionViewCell.swift; sourceTree = "<group>"; };
		F371ED632569AA86000229F0 /* Giphy.app */ = {isa = PBXFileReference; explicitFileType = wrapper.application; includeInIndex = 0; path = Giphy.app; sourceTree = BUILT_PRODUCTS_DIR; };
		F371ED662569AA86000229F0 /* AppDelegate.swift */ = {isa = PBXFileReference; lastKnownFileType = sourcecode.swift; path = AppDelegate.swift; sourceTree = "<group>"; };
		F371ED682569AA86000229F0 /* SceneDelegate.swift */ = {isa = PBXFileReference; lastKnownFileType = sourcecode.swift; path = SceneDelegate.swift; sourceTree = "<group>"; };
		F371ED6A2569AA86000229F0 /* ViewController.swift */ = {isa = PBXFileReference; lastKnownFileType = sourcecode.swift; path = ViewController.swift; sourceTree = "<group>"; };
		F371ED6D2569AA86000229F0 /* Base */ = {isa = PBXFileReference; lastKnownFileType = file.storyboard; name = Base; path = Base.lproj/Main.storyboard; sourceTree = "<group>"; };
		F371ED6F2569AA88000229F0 /* Assets.xcassets */ = {isa = PBXFileReference; lastKnownFileType = folder.assetcatalog; path = Assets.xcassets; sourceTree = "<group>"; };
		F371ED722569AA88000229F0 /* Base */ = {isa = PBXFileReference; lastKnownFileType = file.storyboard; name = Base; path = Base.lproj/LaunchScreen.storyboard; sourceTree = "<group>"; };
		F371ED742569AA88000229F0 /* Info.plist */ = {isa = PBXFileReference; lastKnownFileType = text.plist.xml; path = Info.plist; sourceTree = "<group>"; };
/* End PBXFileReference section */

/* Begin PBXFrameworksBuildPhase section */
		F371ED602569AA86000229F0 /* Frameworks */ = {
			isa = PBXFrameworksBuildPhase;
			buildActionMask = 2147483647;
			files = (
				FD63EB300346E9957D862D31 /* Pods_Giphy.framework in Frameworks */,
			);
			runOnlyForDeploymentPostprocessing = 0;
		};
/* End PBXFrameworksBuildPhase section */

/* Begin PBXGroup section */
		60A1753C7BDB8A05C91865EA /* Pods */ = {
			isa = PBXGroup;
			children = (
				912BCD32079CBD9D0BF681DD /* Pods-Giphy.debug.xcconfig */,
				35B46B5E392426CBD030D624 /* Pods-Giphy.release.xcconfig */,
			);
			path = Pods;
			sourceTree = "<group>";
		};
		9D847FB81F30456DC2CAC76C /* Frameworks */ = {
			isa = PBXGroup;
			children = (
				9A698B01E561FA2DC2E9C1F1 /* Pods_Giphy.framework */,
			);
			name = Frameworks;
			sourceTree = "<group>";
		};
		F353708E2569CF2F00438087 /* Model */ = {
			isa = PBXGroup;
			children = (
				F353708B2569CF1D00438087 /* TrendingModel.swift */,
				F36002E4256C97020068C77C /* RealmModel.swift */,
			);
			path = Model;
			sourceTree = "<group>";
		};
		F35370942569CF6800438087 /* NetwrokManager */ = {
			isa = PBXGroup;
			children = (
				F35370902569CF5600438087 /* NetwrokManager.swift */,
			);
			path = NetwrokManager;
			sourceTree = "<group>";
		};
		F35370962569CF7500438087 /* View */ = {
			isa = PBXGroup;
			children = (
				F371ED6C2569AA86000229F0 /* Main.storyboard */,
				F371ED6A2569AA86000229F0 /* ViewController.swift */,
				F36002C8256C717E0068C77C /* TrendingGiphyTableViewCell.swift */,
				F36002ED256CD5320068C77C /* FavouritesCollectionViewController.swift */,
				F36002F4256CDB260068C77C /* FavouritesCollectionViewCell.swift */,
			);
			path = View;
			sourceTree = "<group>";
		};
		F35CFF0C256DD4810073E7C6 /* Uitilities */ = {
			isa = PBXGroup;
			children = (
				F35CFF0E256DD52F0073E7C6 /* RoundedRectButton.swift */,
				F35CFF12256DD5690073E7C6 /* CustomView.swift */,
			);
			path = Uitilities;
			sourceTree = "<group>";
		};
		F36002CB256C7CDB0068C77C /* ViewModel */ = {
			isa = PBXGroup;
			children = (
				F36002CC256C7CDB0068C77C /* TrendingViewModel.swift */,
				F36002F0256CD7630068C77C /* FavouritViewModel.swift */,
			);
			path = ViewModel;
			sourceTree = "<group>";
		};
		F371ED5A2569AA85000229F0 = {
			isa = PBXGroup;
			children = (
				F371ED652569AA86000229F0 /* Giphy */,
				F371ED642569AA86000229F0 /* Products */,
				60A1753C7BDB8A05C91865EA /* Pods */,
				9D847FB81F30456DC2CAC76C /* Frameworks */,
			);
			sourceTree = "<group>";
		};
		F371ED642569AA86000229F0 /* Products */ = {
			isa = PBXGroup;
			children = (
				F371ED632569AA86000229F0 /* Giphy.app */,
			);
			name = Products;
			sourceTree = "<group>";
		};
		F371ED652569AA86000229F0 /* Giphy */ = {
			isa = PBXGroup;
			children = (
				F371ED662569AA86000229F0 /* AppDelegate.swift */,
				F371ED682569AA86000229F0 /* SceneDelegate.swift */,
				F353708E2569CF2F00438087 /* Model */,
				F35370962569CF7500438087 /* View */,
				F36002CB256C7CDB0068C77C /* ViewModel */,
				F35370942569CF6800438087 /* NetwrokManager */,
				F371ED6F2569AA88000229F0 /* Assets.xcassets */,
				F371ED712569AA88000229F0 /* LaunchScreen.storyboard */,
				F371ED742569AA88000229F0 /* Info.plist */,
				F35370882569CD5B00438087 /* Constants.swift */,
				F35CFF0C256DD4810073E7C6 /* Uitilities */,
			);
			path = Giphy;
			sourceTree = "<group>";
		};
/* End PBXGroup section */

/* Begin PBXNativeTarget section */
		F371ED622569AA86000229F0 /* Giphy */ = {
			isa = PBXNativeTarget;
			buildConfigurationList = F371ED772569AA88000229F0 /* Build configuration list for PBXNativeTarget "Giphy" */;
			buildPhases = (
				0E071119C04A6C5EE1BCD685 /* [CP] Check Pods Manifest.lock */,
				F371ED5F2569AA86000229F0 /* Sources */,
				F371ED602569AA86000229F0 /* Frameworks */,
				F371ED612569AA86000229F0 /* Resources */,
				2A6A7DB89752DE4634F21380 /* [CP] Embed Pods Frameworks */,
			);
			buildRules = (
			);
			dependencies = (
			);
			name = Giphy;
			productName = Giphy;
			productReference = F371ED632569AA86000229F0 /* Giphy.app */;
			productType = "com.apple.product-type.application";
		};
/* End PBXNativeTarget section */

/* Begin PBXProject section */
		F371ED5B2569AA85000229F0 /* Project object */ = {
			isa = PBXProject;
			attributes = {
				LastSwiftUpdateCheck = 1220;
				LastUpgradeCheck = 1220;
				TargetAttributes = {
					F371ED622569AA86000229F0 = {
						CreatedOnToolsVersion = 12.2;
					};
				};
			};
			buildConfigurationList = F371ED5E2569AA85000229F0 /* Build configuration list for PBXProject "Giphy" */;
			compatibilityVersion = "Xcode 9.3";
			developmentRegion = en;
			hasScannedForEncodings = 0;
			knownRegions = (
				en,
				Base,
			);
			mainGroup = F371ED5A2569AA85000229F0;
			productRefGroup = F371ED642569AA86000229F0 /* Products */;
			projectDirPath = "";
			projectRoot = "";
			targets = (
				F371ED622569AA86000229F0 /* Giphy */,
			);
		};
/* End PBXProject section */

/* Begin PBXResourcesBuildPhase section */
		F371ED612569AA86000229F0 /* Resources */ = {
			isa = PBXResourcesBuildPhase;
			buildActionMask = 2147483647;
			files = (
				F371ED732569AA88000229F0 /* LaunchScreen.storyboard in Resources */,
				F371ED702569AA88000229F0 /* Assets.xcassets in Resources */,
				F371ED6E2569AA86000229F0 /* Main.storyboard in Resources */,
			);
			runOnlyForDeploymentPostprocessing = 0;
		};
/* End PBXResourcesBuildPhase section */

/* Begin PBXShellScriptBuildPhase section */
		0E071119C04A6C5EE1BCD685 /* [CP] Check Pods Manifest.lock */ = {
			isa = PBXShellScriptBuildPhase;
			buildActionMask = 2147483647;
			files = (
			);
			inputFileListPaths = (
			);
			inputPaths = (
				"${PODS_PODFILE_DIR_PATH}/Podfile.lock",
				"${PODS_ROOT}/Manifest.lock",
			);
			name = "[CP] Check Pods Manifest.lock";
			outputFileListPaths = (
			);
			outputPaths = (
				"$(DERIVED_FILE_DIR)/Pods-Giphy-checkManifestLockResult.txt",
			);
			runOnlyForDeploymentPostprocessing = 0;
			shellPath = /bin/sh;
			shellScript = "diff \"${PODS_PODFILE_DIR_PATH}/Podfile.lock\" \"${PODS_ROOT}/Manifest.lock\" > /dev/null\nif [ $? != 0 ] ; then\n    # print error to STDERR\n    echo \"error: The sandbox is not in sync with the Podfile.lock. Run 'pod install' or update your CocoaPods installation.\" >&2\n    exit 1\nfi\n# This output is used by Xcode 'outputs' to avoid re-running this script phase.\necho \"SUCCESS\" > \"${SCRIPT_OUTPUT_FILE_0}\"\n";
			showEnvVarsInLog = 0;
		};
		2A6A7DB89752DE4634F21380 /* [CP] Embed Pods Frameworks */ = {
			isa = PBXShellScriptBuildPhase;
			buildActionMask = 2147483647;
			files = (
			);
			inputFileListPaths = (
				"${PODS_ROOT}/Target Support Files/Pods-Giphy/Pods-Giphy-frameworks-${CONFIGURATION}-input-files.xcfilelist",
			);
			name = "[CP] Embed Pods Frameworks";
			outputFileListPaths = (
				"${PODS_ROOT}/Target Support Files/Pods-Giphy/Pods-Giphy-frameworks-${CONFIGURATION}-output-files.xcfilelist",
			);
			runOnlyForDeploymentPostprocessing = 0;
			shellPath = /bin/sh;
			shellScript = "\"${PODS_ROOT}/Target Support Files/Pods-Giphy/Pods-Giphy-frameworks.sh\"\n";
			showEnvVarsInLog = 0;
		};
/* End PBXShellScriptBuildPhase section */

/* Begin PBXSourcesBuildPhase section */
		F371ED5F2569AA86000229F0 /* Sources */ = {
			isa = PBXSourcesBuildPhase;
			buildActionMask = 2147483647;
			files = (
				F371ED6B2569AA86000229F0 /* ViewController.swift in Sources */,
				F36002CD256C7CDB0068C77C /* TrendingViewModel.swift in Sources */,
				F36002F1256CD7640068C77C /* FavouritViewModel.swift in Sources */,
				F35CFF13256DD5690073E7C6 /* CustomView.swift in Sources */,
				F371ED672569AA86000229F0 /* AppDelegate.swift in Sources */,
				F36002F5256CDB260068C77C /* FavouritesCollectionViewCell.swift in Sources */,
				F353708C2569CF1D00438087 /* TrendingModel.swift in Sources */,
				F36002E5256C97020068C77C /* RealmModel.swift in Sources */,
				F371ED692569AA86000229F0 /* SceneDelegate.swift in Sources */,
				F35CFF0F256DD52F0073E7C6 /* RoundedRectButton.swift in Sources */,
				F36002EE256CD5320068C77C /* FavouritesCollectionViewController.swift in Sources */,
				F35370912569CF5600438087 /* NetwrokManager.swift in Sources */,
				F36002C9256C717E0068C77C /* TrendingGiphyTableViewCell.swift in Sources */,
				F35370892569CD5B00438087 /* Constants.swift in Sources */,
			);
			runOnlyForDeploymentPostprocessing = 0;
		};
/* End PBXSourcesBuildPhase section */

/* Begin PBXVariantGroup section */
		F371ED6C2569AA86000229F0 /* Main.storyboard */ = {
			isa = PBXVariantGroup;
			children = (
				F371ED6D2569AA86000229F0 /* Base */,
			);
			name = Main.storyboard;
			sourceTree = "<group>";
		};
		F371ED712569AA88000229F0 /* LaunchScreen.storyboard */ = {
			isa = PBXVariantGroup;
			children = (
				F371ED722569AA88000229F0 /* Base */,
			);
			name = LaunchScreen.storyboard;
			sourceTree = "<group>";
		};
/* End PBXVariantGroup section */

/* Begin XCBuildConfiguration section */
		F371ED752569AA88000229F0 /* Debug */ = {
			isa = XCBuildConfiguration;
			buildSettings = {
				ALWAYS_SEARCH_USER_PATHS = NO;
				CLANG_ANALYZER_NONNULL = YES;
				CLANG_ANALYZER_NUMBER_OBJECT_CONVERSION = YES_AGGRESSIVE;
				CLANG_CXX_LANGUAGE_STANDARD = "gnu++14";
				CLANG_CXX_LIBRARY = "libc++";
				CLANG_ENABLE_MODULES = YES;
				CLANG_ENABLE_OBJC_ARC = YES;
				CLANG_ENABLE_OBJC_WEAK = YES;
				CLANG_WARN_BLOCK_CAPTURE_AUTORELEASING = YES;
				CLANG_WARN_BOOL_CONVERSION = YES;
				CLANG_WARN_COMMA = YES;
				CLANG_WARN_CONSTANT_CONVERSION = YES;
				CLANG_WARN_DEPRECATED_OBJC_IMPLEMENTATIONS = YES;
				CLANG_WARN_DIRECT_OBJC_ISA_USAGE = YES_ERROR;
				CLANG_WARN_DOCUMENTATION_COMMENTS = YES;
				CLANG_WARN_EMPTY_BODY = YES;
				CLANG_WARN_ENUM_CONVERSION = YES;
				CLANG_WARN_INFINITE_RECURSION = YES;
				CLANG_WARN_INT_CONVERSION = YES;
				CLANG_WARN_NON_LITERAL_NULL_CONVERSION = YES;
				CLANG_WARN_OBJC_IMPLICIT_RETAIN_SELF = YES;
				CLANG_WARN_OBJC_LITERAL_CONVERSION = YES;
				CLANG_WARN_OBJC_ROOT_CLASS = YES_ERROR;
				CLANG_WARN_QUOTED_INCLUDE_IN_FRAMEWORK_HEADER = YES;
				CLANG_WARN_RANGE_LOOP_ANALYSIS = YES;
				CLANG_WARN_STRICT_PROTOTYPES = YES;
				CLANG_WARN_SUSPICIOUS_MOVE = YES;
				CLANG_WARN_UNGUARDED_AVAILABILITY = YES_AGGRESSIVE;
				CLANG_WARN_UNREACHABLE_CODE = YES;
				CLANG_WARN__DUPLICATE_METHOD_MATCH = YES;
				COPY_PHASE_STRIP = NO;
				DEBUG_INFORMATION_FORMAT = dwarf;
				ENABLE_STRICT_OBJC_MSGSEND = YES;
				ENABLE_TESTABILITY = YES;
				GCC_C_LANGUAGE_STANDARD = gnu11;
				GCC_DYNAMIC_NO_PIC = NO;
				GCC_NO_COMMON_BLOCKS = YES;
				GCC_OPTIMIZATION_LEVEL = 0;
				GCC_PREPROCESSOR_DEFINITIONS = (
					"DEBUG=1",
					"$(inherited)",
				);
				GCC_WARN_64_TO_32_BIT_CONVERSION = YES;
				GCC_WARN_ABOUT_RETURN_TYPE = YES_ERROR;
				GCC_WARN_UNDECLARED_SELECTOR = YES;
				GCC_WARN_UNINITIALIZED_AUTOS = YES_AGGRESSIVE;
				GCC_WARN_UNUSED_FUNCTION = YES;
				GCC_WARN_UNUSED_VARIABLE = YES;
				IPHONEOS_DEPLOYMENT_TARGET = 14.2;
				MTL_ENABLE_DEBUG_INFO = INCLUDE_SOURCE;
				MTL_FAST_MATH = YES;
				ONLY_ACTIVE_ARCH = YES;
				SDKROOT = iphoneos;
				SWIFT_ACTIVE_COMPILATION_CONDITIONS = DEBUG;
				SWIFT_OPTIMIZATION_LEVEL = "-Onone";
			};
			name = Debug;
		};
		F371ED762569AA88000229F0 /* Release */ = {
			isa = XCBuildConfiguration;
			buildSettings = {
				ALWAYS_SEARCH_USER_PATHS = NO;
				CLANG_ANALYZER_NONNULL = YES;
				CLANG_ANALYZER_NUMBER_OBJECT_CONVERSION = YES_AGGRESSIVE;
				CLANG_CXX_LANGUAGE_STANDARD = "gnu++14";
				CLANG_CXX_LIBRARY = "libc++";
				CLANG_ENABLE_MODULES = YES;
				CLANG_ENABLE_OBJC_ARC = YES;
				CLANG_ENABLE_OBJC_WEAK = YES;
				CLANG_WARN_BLOCK_CAPTURE_AUTORELEASING = YES;
				CLANG_WARN_BOOL_CONVERSION = YES;
				CLANG_WARN_COMMA = YES;
				CLANG_WARN_CONSTANT_CONVERSION = YES;
				CLANG_WARN_DEPRECATED_OBJC_IMPLEMENTATIONS = YES;
				CLANG_WARN_DIRECT_OBJC_ISA_USAGE = YES_ERROR;
				CLANG_WARN_DOCUMENTATION_COMMENTS = YES;
				CLANG_WARN_EMPTY_BODY = YES;
				CLANG_WARN_ENUM_CONVERSION = YES;
				CLANG_WARN_INFINITE_RECURSION = YES;
				CLANG_WARN_INT_CONVERSION = YES;
				CLANG_WARN_NON_LITERAL_NULL_CONVERSION = YES;
				CLANG_WARN_OBJC_IMPLICIT_RETAIN_SELF = YES;
				CLANG_WARN_OBJC_LITERAL_CONVERSION = YES;
				CLANG_WARN_OBJC_ROOT_CLASS = YES_ERROR;
				CLANG_WARN_QUOTED_INCLUDE_IN_FRAMEWORK_HEADER = YES;
				CLANG_WARN_RANGE_LOOP_ANALYSIS = YES;
				CLANG_WARN_STRICT_PROTOTYPES = YES;
				CLANG_WARN_SUSPICIOUS_MOVE = YES;
				CLANG_WARN_UNGUARDED_AVAILABILITY = YES_AGGRESSIVE;
				CLANG_WARN_UNREACHABLE_CODE = YES;
				CLANG_WARN__DUPLICATE_METHOD_MATCH = YES;
				COPY_PHASE_STRIP = NO;
				DEBUG_INFORMATION_FORMAT = "dwarf-with-dsym";
				ENABLE_NS_ASSERTIONS = NO;
				ENABLE_STRICT_OBJC_MSGSEND = YES;
				GCC_C_LANGUAGE_STANDARD = gnu11;
				GCC_NO_COMMON_BLOCKS = YES;
				GCC_WARN_64_TO_32_BIT_CONVERSION = YES;
				GCC_WARN_ABOUT_RETURN_TYPE = YES_ERROR;
				GCC_WARN_UNDECLARED_SELECTOR = YES;
				GCC_WARN_UNINITIALIZED_AUTOS = YES_AGGRESSIVE;
				GCC_WARN_UNUSED_FUNCTION = YES;
				GCC_WARN_UNUSED_VARIABLE = YES;
				IPHONEOS_DEPLOYMENT_TARGET = 14.2;
				MTL_ENABLE_DEBUG_INFO = NO;
				MTL_FAST_MATH = YES;
				SDKROOT = iphoneos;
				SWIFT_COMPILATION_MODE = wholemodule;
				SWIFT_OPTIMIZATION_LEVEL = "-O";
				VALIDATE_PRODUCT = YES;
			};
			name = Release;
		};
		F371ED782569AA88000229F0 /* Debug */ = {
			isa = XCBuildConfiguration;
			baseConfigurationReference = 912BCD32079CBD9D0BF681DD /* Pods-Giphy.debug.xcconfig */;
			buildSettings = {
				ASSETCATALOG_COMPILER_APPICON_NAME = AppIcon;
				ASSETCATALOG_COMPILER_GLOBAL_ACCENT_COLOR_NAME = AccentColor;
				CODE_SIGN_STYLE = Automatic;
				DEVELOPMENT_TEAM = 65QC2A2R5W;
				INFOPLIST_FILE = Giphy/Info.plist;
				LD_RUNPATH_SEARCH_PATHS = (
					"$(inherited)",
					"@executable_path/Frameworks",
				);
				PRODUCT_BUNDLE_IDENTIFIER = "com.wildcard.-";
				PRODUCT_NAME = "$(TARGET_NAME)";
				SWIFT_VERSION = 5.0;
				TARGETED_DEVICE_FAMILY = 1;
			};
			name = Debug;
		};
		F371ED792569AA88000229F0 /* Release */ = {
			isa = XCBuildConfiguration;
			baseConfigurationReference = 35B46B5E392426CBD030D624 /* Pods-Giphy.release.xcconfig */;
			buildSettings = {
				ASSETCATALOG_COMPILER_APPICON_NAME = AppIcon;
				ASSETCATALOG_COMPILER_GLOBAL_ACCENT_COLOR_NAME = AccentColor;
				CODE_SIGN_STYLE = Automatic;
				DEVELOPMENT_TEAM = 65QC2A2R5W;
				INFOPLIST_FILE = Giphy/Info.plist;
				LD_RUNPATH_SEARCH_PATHS = (
					"$(inherited)",
					"@executable_path/Frameworks",
				);
				PRODUCT_BUNDLE_IDENTIFIER = "com.wildcard.-";
				PRODUCT_NAME = "$(TARGET_NAME)";
				SWIFT_VERSION = 5.0;
				TARGETED_DEVICE_FAMILY = 1;
			};
			name = Release;
		};
/* End XCBuildConfiguration section */

/* Begin XCConfigurationList section */
		F371ED5E2569AA85000229F0 /* Build configuration list for PBXProject "Giphy" */ = {
			isa = XCConfigurationList;
			buildConfigurations = (
				F371ED752569AA88000229F0 /* Debug */,
				F371ED762569AA88000229F0 /* Release */,
			);
			defaultConfigurationIsVisible = 0;
			defaultConfigurationName = Release;
		};
		F371ED772569AA88000229F0 /* Build configuration list for PBXNativeTarget "Giphy" */ = {
			isa = XCConfigurationList;
			buildConfigurations = (
				F371ED782569AA88000229F0 /* Debug */,
				F371ED792569AA88000229F0 /* Release */,
			);
			defaultConfigurationIsVisible = 0;
			defaultConfigurationName = Release;
		};
/* End XCConfigurationList section */
	};
	rootObject = F371ED5B2569AA85000229F0 /* Project object */;
}
